
Microsoft Visual Studio Solution File, Format Version 12.00
# Visual Studio 14
VisualStudioVersion = 14.0.24720.0
MinimumVisualStudioVersion = 10.0.40219.1
Project("{FAE04EC0-301F-11D3-BF4B-00C04F79EFBC}") = "MyShop", "MyShop\MyShop.csproj", "{B9A7FA37-E8D6-480B-AB8C-878C33E2D300}"
EndProject
Project("{FAE04EC0-301F-11D3-BF4B-00C04F79EFBC}") = "MyShop.iOS", "MyShop.iOS\MyShop.iOS.csproj", "{922B72BE-8B10-4B52-8D48-881853B15028}"
EndProject
Project("{FAE04EC0-301F-11D3-BF4B-00C04F79EFBC}") = "MyShop.Android", "MyShop.Android\MyShop.Android.csproj", "{1FBB5AB6-8432-4478-BF33-EB1E26F20945}"
EndProject
Project("{FAE04EC0-301F-11D3-BF4B-00C04F79EFBC}") = "MyShopAdmin", "MyShopAdmin\MyShopAdmin.csproj", "{1866AD0C-DECC-463F-8FE0-13225A1B0017}"
EndProject
Project("{FAE04EC0-301F-11D3-BF4B-00C04F79EFBC}") = "MyShopAdmin.iOS", "MyShopAdmin.iOS\MyShopAdmin.iOS.csproj", "{064D452F-4426-4ACD-A7C7-AE413CD124AA}"
EndProject
Project("{FAE04EC0-301F-11D3-BF4B-00C04F79EFBC}") = "MyShopAdmin.Android", "MyShopAdmin.Android\MyShopAdmin.Android.csproj", "{FD84335B-D43E-42A1-BDBB-4B7728D8078E}"
EndProject
Project("{FAE04EC0-301F-11D3-BF4B-00C04F79EFBC}") = "MyShop.WinPhone", "MyShop.WinPhone\MyShop.WinPhone.csproj", "{8D5F32F0-0F19-4741-BE5A-56BEB808F451}"
EndProject
Project("{2150E333-8FDC-42A3-9474-1A3956D46DE8}") = "Admin", "Admin", "{8F2F4467-370C-4E15-ACCF-5EDC208E42D1}"
EndProject
Project("{FAE04EC0-301F-11D3-BF4B-00C04F79EFBC}") = "MyShop.WinPhoneRT", "MyShop.WinPhoneRT\MyShop.WinPhoneRT.csproj", "{37C37C50-0739-4DCD-BCE4-E223E07C6E18}"
EndProject
Project("{FAE04EC0-301F-11D3-BF4B-00C04F79EFBC}") = "MyShop.WinStore", "MyShop.WinStore\MyShop.WinStore.csproj", "{B84F49DB-F336-4785-9392-4141890E98B4}"
EndProject
Global
	GlobalSection(SolutionConfigurationPlatforms) = preSolution
		AppStore|Any CPU = AppStore|Any CPU
		AppStore|ARM = AppStore|ARM
		AppStore|iPhone = AppStore|iPhone
		AppStore|iPhoneSimulator = AppStore|iPhoneSimulator
		AppStore|Mixed Platforms = AppStore|Mixed Platforms
		AppStore|x64 = AppStore|x64
		AppStore|x86 = AppStore|x86
		Debug|Any CPU = Debug|Any CPU
		Debug|ARM = Debug|ARM
		Debug|iPhone = Debug|iPhone
		Debug|iPhoneSimulator = Debug|iPhoneSimulator
		Debug|Mixed Platforms = Debug|Mixed Platforms
		Debug|x64 = Debug|x64
		Debug|x86 = Debug|x86
		Release|Any CPU = Release|Any CPU
		Release|ARM = Release|ARM
		Release|iPhone = Release|iPhone
		Release|iPhoneSimulator = Release|iPhoneSimulator
		Release|Mixed Platforms = Release|Mixed Platforms
		Release|x64 = Release|x64
		Release|x86 = Release|x86
	EndGlobalSection
	GlobalSection(ProjectConfigurationPlatforms) = postSolution
		{B9A7FA37-E8D6-480B-AB8C-878C33E2D300}.AppStore|Any CPU.ActiveCfg = AppStore|Any CPU
		{B9A7FA37-E8D6-480B-AB8C-878C33E2D300}.AppStore|Any CPU.Build.0 = AppStore|Any CPU
		{B9A7FA37-E8D6-480B-AB8C-878C33E2D300}.AppStore|ARM.ActiveCfg = AppStore|Any CPU
		{B9A7FA37-E8D6-480B-AB8C-878C33E2D300}.AppStore|iPhone.ActiveCfg = AppStore|iPhone
		{B9A7FA37-E8D6-480B-AB8C-878C33E2D300}.AppStore|iPhone.Build.0 = AppStore|iPhone
		{B9A7FA37-E8D6-480B-AB8C-878C33E2D300}.AppStore|iPhoneSimulator.ActiveCfg = AppStore|Any CPU
		{B9A7FA37-E8D6-480B-AB8C-878C33E2D300}.AppStore|Mixed Platforms.ActiveCfg = AppStore|Any CPU
		{B9A7FA37-E8D6-480B-AB8C-878C33E2D300}.AppStore|Mixed Platforms.Build.0 = AppStore|Any CPU
		{B9A7FA37-E8D6-480B-AB8C-878C33E2D300}.AppStore|x64.ActiveCfg = AppStore|Any CPU
		{B9A7FA37-E8D6-480B-AB8C-878C33E2D300}.AppStore|x64.Build.0 = AppStore|Any CPU
		{B9A7FA37-E8D6-480B-AB8C-878C33E2D300}.AppStore|x86.ActiveCfg = AppStore|Any CPU
		{B9A7FA37-E8D6-480B-AB8C-878C33E2D300}.Debug|Any CPU.ActiveCfg = Debug|Any CPU
		{B9A7FA37-E8D6-480B-AB8C-878C33E2D300}.Debug|Any CPU.Build.0 = Debug|Any CPU
		{B9A7FA37-E8D6-480B-AB8C-878C33E2D300}.Debug|ARM.ActiveCfg = Debug|Any CPU
		{B9A7FA37-E8D6-480B-AB8C-878C33E2D300}.Debug|ARM.Build.0 = Debug|Any CPU
		{B9A7FA37-E8D6-480B-AB8C-878C33E2D300}.Debug|iPhone.ActiveCfg = Debug|Any CPU
		{B9A7FA37-E8D6-480B-AB8C-878C33E2D300}.Debug|iPhone.Build.0 = Debug|Any CPU
		{B9A7FA37-E8D6-480B-AB8C-878C33E2D300}.Debug|iPhoneSimulator.ActiveCfg = Debug|Any CPU
		{B9A7FA37-E8D6-480B-AB8C-878C33E2D300}.Debug|iPhoneSimulator.Build.0 = Debug|Any CPU
		{B9A7FA37-E8D6-480B-AB8C-878C33E2D300}.Debug|Mixed Platforms.ActiveCfg = Debug|Any CPU
		{B9A7FA37-E8D6-480B-AB8C-878C33E2D300}.Debug|Mixed Platforms.Build.0 = Debug|Any CPU
		{B9A7FA37-E8D6-480B-AB8C-878C33E2D300}.Debug|x64.ActiveCfg = Debug|Any CPU
		{B9A7FA37-E8D6-480B-AB8C-878C33E2D300}.Debug|x64.Build.0 = Debug|Any CPU
		{B9A7FA37-E8D6-480B-AB8C-878C33E2D300}.Debug|x86.ActiveCfg = Debug|Any CPU
		{B9A7FA37-E8D6-480B-AB8C-878C33E2D300}.Debug|x86.Build.0 = Debug|Any CPU
		{B9A7FA37-E8D6-480B-AB8C-878C33E2D300}.Release|Any CPU.ActiveCfg = Release|Any CPU
		{B9A7FA37-E8D6-480B-AB8C-878C33E2D300}.Release|Any CPU.Build.0 = Release|Any CPU
		{B9A7FA37-E8D6-480B-AB8C-878C33E2D300}.Release|ARM.ActiveCfg = Release|Any CPU
		{B9A7FA37-E8D6-480B-AB8C-878C33E2D300}.Release|ARM.Build.0 = Release|Any CPU
		{B9A7FA37-E8D6-480B-AB8C-878C33E2D300}.Release|iPhone.ActiveCfg = Release|Any CPU
		{B9A7FA37-E8D6-480B-AB8C-878C33E2D300}.Release|iPhone.Build.0 = Release|Any CPU
		{B9A7FA37-E8D6-480B-AB8C-878C33E2D300}.Release|iPhoneSimulator.ActiveCfg = Release|Any CPU
		{B9A7FA37-E8D6-480B-AB8C-878C33E2D300}.Release|iPhoneSimulator.Build.0 = Release|Any CPU
		{B9A7FA37-E8D6-480B-AB8C-878C33E2D300}.Release|Mixed Platforms.ActiveCfg = Release|Any CPU
		{B9A7FA37-E8D6-480B-AB8C-878C33E2D300}.Release|Mixed Platforms.Build.0 = Release|Any CPU
		{B9A7FA37-E8D6-480B-AB8C-878C33E2D300}.Release|x64.ActiveCfg = Release|Any CPU
		{B9A7FA37-E8D6-480B-AB8C-878C33E2D300}.Release|x64.Build.0 = Release|Any CPU
		{B9A7FA37-E8D6-480B-AB8C-878C33E2D300}.Release|x86.ActiveCfg = Release|Any CPU
		{B9A7FA37-E8D6-480B-AB8C-878C33E2D300}.Release|x86.Build.0 = Release|Any CPU
		{922B72BE-8B10-4B52-8D48-881853B15028}.AppStore|Any CPU.ActiveCfg = AppStore|iPhone
		{922B72BE-8B10-4B52-8D48-881853B15028}.AppStore|ARM.ActiveCfg = AppStore|iPhone
		{922B72BE-8B10-4B52-8D48-881853B15028}.AppStore|iPhone.ActiveCfg = AppStore|iPhone
		{922B72BE-8B10-4B52-8D48-881853B15028}.AppStore|iPhone.Build.0 = AppStore|iPhone
		{922B72BE-8B10-4B52-8D48-881853B15028}.AppStore|iPhoneSimulator.ActiveCfg = AppStore|iPhoneSimulator
		{922B72BE-8B10-4B52-8D48-881853B15028}.AppStore|iPhoneSimulator.Build.0 = AppStore|iPhoneSimulator
		{922B72BE-8B10-4B52-8D48-881853B15028}.AppStore|Mixed Platforms.ActiveCfg = AppStore|iPhone
		{922B72BE-8B10-4B52-8D48-881853B15028}.AppStore|Mixed Platforms.Build.0 = AppStore|iPhone
		{922B72BE-8B10-4B52-8D48-881853B15028}.AppStore|x64.ActiveCfg = AppStore|iPhoneSimulator
		{922B72BE-8B10-4B52-8D48-881853B15028}.AppStore|x86.ActiveCfg = AppStore|iPhone
		{922B72BE-8B10-4B52-8D48-881853B15028}.Debug|Any CPU.ActiveCfg = Debug|iPhoneSimulator
		{922B72BE-8B10-4B52-8D48-881853B15028}.Debug|Any CPU.Build.0 = Debug|iPhoneSimulator
		{922B72BE-8B10-4B52-8D48-881853B15028}.Debug|ARM.ActiveCfg = Debug|iPhone
		{922B72BE-8B10-4B52-8D48-881853B15028}.Debug|iPhone.ActiveCfg = Debug|iPhone
		{922B72BE-8B10-4B52-8D48-881853B15028}.Debug|iPhone.Build.0 = Debug|iPhone
		{922B72BE-8B10-4B52-8D48-881853B15028}.Debug|iPhoneSimulator.ActiveCfg = Debug|iPhoneSimulator
		{922B72BE-8B10-4B52-8D48-881853B15028}.Debug|iPhoneSimulator.Build.0 = Debug|iPhoneSimulator
		{922B72BE-8B10-4B52-8D48-881853B15028}.Debug|Mixed Platforms.ActiveCfg = Debug|iPhoneSimulator
		{922B72BE-8B10-4B52-8D48-881853B15028}.Debug|Mixed Platforms.Build.0 = Debug|iPhoneSimulator
		{922B72BE-8B10-4B52-8D48-881853B15028}.Debug|x64.ActiveCfg = Debug|iPhone
		{922B72BE-8B10-4B52-8D48-881853B15028}.Debug|x86.ActiveCfg = Debug|iPhone
		{922B72BE-8B10-4B52-8D48-881853B15028}.Release|Any CPU.ActiveCfg = Release|iPhone
		{922B72BE-8B10-4B52-8D48-881853B15028}.Release|Any CPU.Build.0 = Release|iPhone
		{922B72BE-8B10-4B52-8D48-881853B15028}.Release|ARM.ActiveCfg = Release|iPhoneSimulator
		{922B72BE-8B10-4B52-8D48-881853B15028}.Release|iPhone.ActiveCfg = Release|iPhone
		{922B72BE-8B10-4B52-8D48-881853B15028}.Release|iPhone.Build.0 = Release|iPhone
		{922B72BE-8B10-4B52-8D48-881853B15028}.Release|iPhoneSimulator.ActiveCfg = Release|iPhoneSimulator
		{922B72BE-8B10-4B52-8D48-881853B15028}.Release|iPhoneSimulator.Build.0 = Release|iPhoneSimulator
		{922B72BE-8B10-4B52-8D48-881853B15028}.Release|Mixed Platforms.ActiveCfg = Release|iPhoneSimulator
		{922B72BE-8B10-4B52-8D48-881853B15028}.Release|Mixed Platforms.Build.0 = Release|iPhoneSimulator
		{922B72BE-8B10-4B52-8D48-881853B15028}.Release|x64.ActiveCfg = Release|iPhoneSimulator
		{922B72BE-8B10-4B52-8D48-881853B15028}.Release|x86.ActiveCfg = Release|iPhoneSimulator
		{1FBB5AB6-8432-4478-BF33-EB1E26F20945}.AppStore|Any CPU.ActiveCfg = AppStore|Any CPU
		{1FBB5AB6-8432-4478-BF33-EB1E26F20945}.AppStore|Any CPU.Build.0 = AppStore|Any CPU
		{1FBB5AB6-8432-4478-BF33-EB1E26F20945}.AppStore|Any CPU.Deploy.0 = AppStore|Any CPU
		{1FBB5AB6-8432-4478-BF33-EB1E26F20945}.AppStore|ARM.ActiveCfg = AppStore|Any CPU
		{1FBB5AB6-8432-4478-BF33-EB1E26F20945}.AppStore|iPhone.ActiveCfg = AppStore|iPhone
		{1FBB5AB6-8432-4478-BF33-EB1E26F20945}.AppStore|iPhoneSimulator.ActiveCfg = AppStore|Any CPU
		{1FBB5AB6-8432-4478-BF33-EB1E26F20945}.AppStore|Mixed Platforms.ActiveCfg = AppStore|Any CPU
		{1FBB5AB6-8432-4478-BF33-EB1E26F20945}.AppStore|Mixed Platforms.Build.0 = AppStore|Any CPU
		{1FBB5AB6-8432-4478-BF33-EB1E26F20945}.AppStore|Mixed Platforms.Deploy.0 = AppStore|Any CPU
		{1FBB5AB6-8432-4478-BF33-EB1E26F20945}.AppStore|x64.ActiveCfg = AppStore|Any CPU
		{1FBB5AB6-8432-4478-BF33-EB1E26F20945}.AppStore|x64.Build.0 = AppStore|Any CPU
		{1FBB5AB6-8432-4478-BF33-EB1E26F20945}.AppStore|x64.Deploy.0 = AppStore|Any CPU
		{1FBB5AB6-8432-4478-BF33-EB1E26F20945}.AppStore|x86.ActiveCfg = AppStore|Any CPU
		{1FBB5AB6-8432-4478-BF33-EB1E26F20945}.Debug|Any CPU.ActiveCfg = Debug|Any CPU
		{1FBB5AB6-8432-4478-BF33-EB1E26F20945}.Debug|Any CPU.Build.0 = Debug|Any CPU
		{1FBB5AB6-8432-4478-BF33-EB1E26F20945}.Debug|Any CPU.Deploy.0 = Debug|Any CPU
		{1FBB5AB6-8432-4478-BF33-EB1E26F20945}.Debug|ARM.ActiveCfg = Debug|Any CPU
		{1FBB5AB6-8432-4478-BF33-EB1E26F20945}.Debug|iPhone.ActiveCfg = Debug|Any CPU
		{1FBB5AB6-8432-4478-BF33-EB1E26F20945}.Debug|iPhone.Build.0 = Debug|Any CPU
		{1FBB5AB6-8432-4478-BF33-EB1E26F20945}.Debug|iPhoneSimulator.ActiveCfg = Debug|Any CPU
		{1FBB5AB6-8432-4478-BF33-EB1E26F20945}.Debug|Mixed Platforms.ActiveCfg = Debug|Any CPU
		{1FBB5AB6-8432-4478-BF33-EB1E26F20945}.Debug|Mixed Platforms.Build.0 = Debug|Any CPU
		{1FBB5AB6-8432-4478-BF33-EB1E26F20945}.Debug|Mixed Platforms.Deploy.0 = Debug|Any CPU
		{1FBB5AB6-8432-4478-BF33-EB1E26F20945}.Debug|x64.ActiveCfg = Debug|Any CPU
		{1FBB5AB6-8432-4478-BF33-EB1E26F20945}.Debug|x64.Build.0 = Debug|Any CPU
		{1FBB5AB6-8432-4478-BF33-EB1E26F20945}.Debug|x64.Deploy.0 = Debug|Any CPU
		{1FBB5AB6-8432-4478-BF33-EB1E26F20945}.Debug|x86.ActiveCfg = Debug|Any CPU
		{1FBB5AB6-8432-4478-BF33-EB1E26F20945}.Release|Any CPU.ActiveCfg = Release|Any CPU
		{1FBB5AB6-8432-4478-BF33-EB1E26F20945}.Release|Any CPU.Build.0 = Release|Any CPU
		{1FBB5AB6-8432-4478-BF33-EB1E26F20945}.Release|ARM.ActiveCfg = Release|Any CPU
		{1FBB5AB6-8432-4478-BF33-EB1E26F20945}.Release|iPhone.ActiveCfg = Release|Any CPU
		{1FBB5AB6-8432-4478-BF33-EB1E26F20945}.Release|iPhone.Build.0 = Release|Any CPU
		{1FBB5AB6-8432-4478-BF33-EB1E26F20945}.Release|iPhoneSimulator.ActiveCfg = Release|Any CPU
		{1FBB5AB6-8432-4478-BF33-EB1E26F20945}.Release|iPhoneSimulator.Build.0 = Release|Any CPU
		{1FBB5AB6-8432-4478-BF33-EB1E26F20945}.Release|Mixed Platforms.ActiveCfg = Release|Any CPU
		{1FBB5AB6-8432-4478-BF33-EB1E26F20945}.Release|Mixed Platforms.Build.0 = Release|Any CPU
		{1FBB5AB6-8432-4478-BF33-EB1E26F20945}.Release|Mixed Platforms.Deploy.0 = Release|Any CPU
		{1FBB5AB6-8432-4478-BF33-EB1E26F20945}.Release|x64.ActiveCfg = Release|Any CPU
		{1FBB5AB6-8432-4478-BF33-EB1E26F20945}.Release|x64.Build.0 = Release|Any CPU
		{1FBB5AB6-8432-4478-BF33-EB1E26F20945}.Release|x64.Deploy.0 = Release|Any CPU
		{1FBB5AB6-8432-4478-BF33-EB1E26F20945}.Release|x86.ActiveCfg = Release|Any CPU
		{1866AD0C-DECC-463F-8FE0-13225A1B0017}.AppStore|Any CPU.ActiveCfg = AppStore|Any CPU
		{1866AD0C-DECC-463F-8FE0-13225A1B0017}.AppStore|Any CPU.Build.0 = AppStore|Any CPU
		{1866AD0C-DECC-463F-8FE0-13225A1B0017}.AppStore|ARM.ActiveCfg = AppStore|Any CPU
		{1866AD0C-DECC-463F-8FE0-13225A1B0017}.AppStore|iPhone.ActiveCfg = AppStore|iPhone
		{1866AD0C-DECC-463F-8FE0-13225A1B0017}.AppStore|iPhone.Build.0 = AppStore|iPhone
		{1866AD0C-DECC-463F-8FE0-13225A1B0017}.AppStore|iPhoneSimulator.ActiveCfg = AppStore|Any CPU
		{1866AD0C-DECC-463F-8FE0-13225A1B0017}.AppStore|Mixed Platforms.ActiveCfg = AppStore|Any CPU
		{1866AD0C-DECC-463F-8FE0-13225A1B0017}.AppStore|Mixed Platforms.Build.0 = AppStore|Any CPU
		{1866AD0C-DECC-463F-8FE0-13225A1B0017}.AppStore|x64.ActiveCfg = AppStore|Any CPU
		{1866AD0C-DECC-463F-8FE0-13225A1B0017}.AppStore|x64.Build.0 = AppStore|Any CPU
		{1866AD0C-DECC-463F-8FE0-13225A1B0017}.AppStore|x86.ActiveCfg = AppStore|Any CPU
		{1866AD0C-DECC-463F-8FE0-13225A1B0017}.Debug|Any CPU.ActiveCfg = Debug|Any CPU
		{1866AD0C-DECC-463F-8FE0-13225A1B0017}.Debug|Any CPU.Build.0 = Debug|Any CPU
		{1866AD0C-DECC-463F-8FE0-13225A1B0017}.Debug|ARM.ActiveCfg = Debug|Any CPU
		{1866AD0C-DECC-463F-8FE0-13225A1B0017}.Debug|iPhone.ActiveCfg = Debug|Any CPU
		{1866AD0C-DECC-463F-8FE0-13225A1B0017}.Debug|iPhone.Build.0 = Debug|Any CPU
		{1866AD0C-DECC-463F-8FE0-13225A1B0017}.Debug|iPhoneSimulator.ActiveCfg = Debug|Any CPU
		{1866AD0C-DECC-463F-8FE0-13225A1B0017}.Debug|iPhoneSimulator.Build.0 = Debug|Any CPU
		{1866AD0C-DECC-463F-8FE0-13225A1B0017}.Debug|Mixed Platforms.ActiveCfg = Debug|Any CPU
		{1866AD0C-DECC-463F-8FE0-13225A1B0017}.Debug|Mixed Platforms.Build.0 = Debug|Any CPU
		{1866AD0C-DECC-463F-8FE0-13225A1B0017}.Debug|x64.ActiveCfg = Debug|Any CPU
		{1866AD0C-DECC-463F-8FE0-13225A1B0017}.Debug|x64.Build.0 = Debug|Any CPU
		{1866AD0C-DECC-463F-8FE0-13225A1B0017}.Debug|x86.ActiveCfg = Debug|Any CPU
		{1866AD0C-DECC-463F-8FE0-13225A1B0017}.Release|Any CPU.ActiveCfg = Release|Any CPU
		{1866AD0C-DECC-463F-8FE0-13225A1B0017}.Release|Any CPU.Build.0 = Release|Any CPU
		{1866AD0C-DECC-463F-8FE0-13225A1B0017}.Release|ARM.ActiveCfg = Release|Any CPU
		{1866AD0C-DECC-463F-8FE0-13225A1B0017}.Release|iPhone.ActiveCfg = Release|Any CPU
		{1866AD0C-DECC-463F-8FE0-13225A1B0017}.Release|iPhone.Build.0 = Release|Any CPU
		{1866AD0C-DECC-463F-8FE0-13225A1B0017}.Release|iPhoneSimulator.ActiveCfg = Release|Any CPU
		{1866AD0C-DECC-463F-8FE0-13225A1B0017}.Release|iPhoneSimulator.Build.0 = Release|Any CPU
		{1866AD0C-DECC-463F-8FE0-13225A1B0017}.Release|Mixed Platforms.ActiveCfg = Release|Any CPU
		{1866AD0C-DECC-463F-8FE0-13225A1B0017}.Release|Mixed Platforms.Build.0 = Release|Any CPU
		{1866AD0C-DECC-463F-8FE0-13225A1B0017}.Release|x64.ActiveCfg = Release|Any CPU
		{1866AD0C-DECC-463F-8FE0-13225A1B0017}.Release|x64.Build.0 = Release|Any CPU
		{1866AD0C-DECC-463F-8FE0-13225A1B0017}.Release|x86.ActiveCfg = Release|Any CPU
		{064D452F-4426-4ACD-A7C7-AE413CD124AA}.AppStore|Any CPU.ActiveCfg = AppStore|iPhone
		{064D452F-4426-4ACD-A7C7-AE413CD124AA}.AppStore|ARM.ActiveCfg = AppStore|iPhone
		{064D452F-4426-4ACD-A7C7-AE413CD124AA}.AppStore|iPhone.ActiveCfg = AppStore|iPhone
		{064D452F-4426-4ACD-A7C7-AE413CD124AA}.AppStore|iPhone.Build.0 = AppStore|iPhone
		{064D452F-4426-4ACD-A7C7-AE413CD124AA}.AppStore|iPhoneSimulator.ActiveCfg = AppStore|iPhoneSimulator
		{064D452F-4426-4ACD-A7C7-AE413CD124AA}.AppStore|iPhoneSimulator.Build.0 = AppStore|iPhoneSimulator
		{064D452F-4426-4ACD-A7C7-AE413CD124AA}.AppStore|Mixed Platforms.ActiveCfg = AppStore|iPhone
		{064D452F-4426-4ACD-A7C7-AE413CD124AA}.AppStore|Mixed Platforms.Build.0 = AppStore|iPhone
		{064D452F-4426-4ACD-A7C7-AE413CD124AA}.AppStore|x64.ActiveCfg = AppStore|iPhoneSimulator
		{064D452F-4426-4ACD-A7C7-AE413CD124AA}.AppStore|x86.ActiveCfg = AppStore|iPhone
		{064D452F-4426-4ACD-A7C7-AE413CD124AA}.Debug|Any CPU.ActiveCfg = Debug|iPhoneSimulator
		{064D452F-4426-4ACD-A7C7-AE413CD124AA}.Debug|Any CPU.Build.0 = Debug|iPhoneSimulator
		{064D452F-4426-4ACD-A7C7-AE413CD124AA}.Debug|ARM.ActiveCfg = Debug|iPhone
		{064D452F-4426-4ACD-A7C7-AE413CD124AA}.Debug|iPhone.ActiveCfg = Debug|iPhone
		{064D452F-4426-4ACD-A7C7-AE413CD124AA}.Debug|iPhone.Build.0 = Debug|iPhone
		{064D452F-4426-4ACD-A7C7-AE413CD124AA}.Debug|iPhoneSimulator.ActiveCfg = Debug|iPhoneSimulator
		{064D452F-4426-4ACD-A7C7-AE413CD124AA}.Debug|iPhoneSimulator.Build.0 = Debug|iPhoneSimulator
		{064D452F-4426-4ACD-A7C7-AE413CD124AA}.Debug|Mixed Platforms.ActiveCfg = Debug|iPhoneSimulator
		{064D452F-4426-4ACD-A7C7-AE413CD124AA}.Debug|Mixed Platforms.Build.0 = Debug|iPhoneSimulator
		{064D452F-4426-4ACD-A7C7-AE413CD124AA}.Debug|x64.ActiveCfg = Debug|iPhone
		{064D452F-4426-4ACD-A7C7-AE413CD124AA}.Debug|x86.ActiveCfg = Debug|iPhone
		{064D452F-4426-4ACD-A7C7-AE413CD124AA}.Release|Any CPU.ActiveCfg = Release|iPhone
		{064D452F-4426-4ACD-A7C7-AE413CD124AA}.Release|Any CPU.Build.0 = Release|iPhone
		{064D452F-4426-4ACD-A7C7-AE413CD124AA}.Release|ARM.ActiveCfg = Release|iPhoneSimulator
		{064D452F-4426-4ACD-A7C7-AE413CD124AA}.Release|iPhone.ActiveCfg = Release|iPhone
		{064D452F-4426-4ACD-A7C7-AE413CD124AA}.Release|iPhone.Build.0 = Release|iPhone
		{064D452F-4426-4ACD-A7C7-AE413CD124AA}.Release|iPhoneSimulator.ActiveCfg = Release|iPhoneSimulator
		{064D452F-4426-4ACD-A7C7-AE413CD124AA}.Release|iPhoneSimulator.Build.0 = Release|iPhoneSimulator
		{064D452F-4426-4ACD-A7C7-AE413CD124AA}.Release|Mixed Platforms.ActiveCfg = Release|iPhoneSimulator
		{064D452F-4426-4ACD-A7C7-AE413CD124AA}.Release|Mixed Platforms.Build.0 = Release|iPhoneSimulator
		{064D452F-4426-4ACD-A7C7-AE413CD124AA}.Release|x64.ActiveCfg = Release|iPhoneSimulator
		{064D452F-4426-4ACD-A7C7-AE413CD124AA}.Release|x86.ActiveCfg = Release|iPhoneSimulator
		{FD84335B-D43E-42A1-BDBB-4B7728D8078E}.AppStore|Any CPU.ActiveCfg = AppStore|Any CPU
		{FD84335B-D43E-42A1-BDBB-4B7728D8078E}.AppStore|Any CPU.Build.0 = AppStore|Any CPU
		{FD84335B-D43E-42A1-BDBB-4B7728D8078E}.AppStore|Any CPU.Deploy.0 = AppStore|Any CPU
		{FD84335B-D43E-42A1-BDBB-4B7728D8078E}.AppStore|ARM.ActiveCfg = AppStore|Any CPU
		{FD84335B-D43E-42A1-BDBB-4B7728D8078E}.AppStore|iPhone.ActiveCfg = AppStore|iPhone
		{FD84335B-D43E-42A1-BDBB-4B7728D8078E}.AppStore|iPhoneSimulator.ActiveCfg = AppStore|Any CPU
		{FD84335B-D43E-42A1-BDBB-4B7728D8078E}.AppStore|Mixed Platforms.ActiveCfg = AppStore|Any CPU
		{FD84335B-D43E-42A1-BDBB-4B7728D8078E}.AppStore|Mixed Platforms.Build.0 = AppStore|Any CPU
		{FD84335B-D43E-42A1-BDBB-4B7728D8078E}.AppStore|Mixed Platforms.Deploy.0 = AppStore|Any CPU
		{FD84335B-D43E-42A1-BDBB-4B7728D8078E}.AppStore|x64.ActiveCfg = AppStore|Any CPU
		{FD84335B-D43E-42A1-BDBB-4B7728D8078E}.AppStore|x64.Build.0 = AppStore|Any CPU
		{FD84335B-D43E-42A1-BDBB-4B7728D8078E}.AppStore|x64.Deploy.0 = AppStore|Any CPU
		{FD84335B-D43E-42A1-BDBB-4B7728D8078E}.AppStore|x86.ActiveCfg = AppStore|Any CPU
		{FD84335B-D43E-42A1-BDBB-4B7728D8078E}.Debug|Any CPU.ActiveCfg = Debug|Any CPU
		{FD84335B-D43E-42A1-BDBB-4B7728D8078E}.Debug|Any CPU.Build.0 = Debug|Any CPU
		{FD84335B-D43E-42A1-BDBB-4B7728D8078E}.Debug|Any CPU.Deploy.0 = Debug|Any CPU
		{FD84335B-D43E-42A1-BDBB-4B7728D8078E}.Debug|ARM.ActiveCfg = Debug|Any CPU
		{FD84335B-D43E-42A1-BDBB-4B7728D8078E}.Debug|iPhone.ActiveCfg = Debug|Any CPU
		{FD84335B-D43E-42A1-BDBB-4B7728D8078E}.Debug|iPhone.Build.0 = Debug|Any CPU
		{FD84335B-D43E-42A1-BDBB-4B7728D8078E}.Debug|iPhoneSimulator.ActiveCfg = Debug|Any CPU
		{FD84335B-D43E-42A1-BDBB-4B7728D8078E}.Debug|Mixed Platforms.ActiveCfg = Debug|Any CPU
		{FD84335B-D43E-42A1-BDBB-4B7728D8078E}.Debug|Mixed Platforms.Build.0 = Debug|Any CPU
		{FD84335B-D43E-42A1-BDBB-4B7728D8078E}.Debug|Mixed Platforms.Deploy.0 = Debug|Any CPU
		{FD84335B-D43E-42A1-BDBB-4B7728D8078E}.Debug|x64.ActiveCfg = Debug|Any CPU
		{FD84335B-D43E-42A1-BDBB-4B7728D8078E}.Debug|x64.Build.0 = Debug|Any CPU
		{FD84335B-D43E-42A1-BDBB-4B7728D8078E}.Debug|x64.Deploy.0 = Debug|Any CPU
		{FD84335B-D43E-42A1-BDBB-4B7728D8078E}.Debug|x86.ActiveCfg = Debug|Any CPU
		{FD84335B-D43E-42A1-BDBB-4B7728D8078E}.Release|Any CPU.ActiveCfg = Release|Any CPU
		{FD84335B-D43E-42A1-BDBB-4B7728D8078E}.Release|Any CPU.Build.0 = Release|Any CPU
		{FD84335B-D43E-42A1-BDBB-4B7728D8078E}.Release|ARM.ActiveCfg = Release|Any CPU
		{FD84335B-D43E-42A1-BDBB-4B7728D8078E}.Release|iPhone.ActiveCfg = Release|Any CPU
		{FD84335B-D43E-42A1-BDBB-4B7728D8078E}.Release|iPhone.Build.0 = Release|Any CPU
		{FD84335B-D43E-42A1-BDBB-4B7728D8078E}.Release|iPhoneSimulator.ActiveCfg = Release|Any CPU
		{FD84335B-D43E-42A1-BDBB-4B7728D8078E}.Release|iPhoneSimulator.Build.0 = Release|Any CPU
		{FD84335B-D43E-42A1-BDBB-4B7728D8078E}.Release|Mixed Platforms.ActiveCfg = Release|Any CPU
		{FD84335B-D43E-42A1-BDBB-4B7728D8078E}.Release|Mixed Platforms.Build.0 = Release|Any CPU
		{FD84335B-D43E-42A1-BDBB-4B7728D8078E}.Release|Mixed Platforms.Deploy.0 = Release|Any CPU
		{FD84335B-D43E-42A1-BDBB-4B7728D8078E}.Release|x64.ActiveCfg = Release|Any CPU
		{FD84335B-D43E-42A1-BDBB-4B7728D8078E}.Release|x64.Build.0 = Release|Any CPU
		{FD84335B-D43E-42A1-BDBB-4B7728D8078E}.Release|x64.Deploy.0 = Release|Any CPU
		{FD84335B-D43E-42A1-BDBB-4B7728D8078E}.Release|x86.ActiveCfg = Release|Any CPU
		{8D5F32F0-0F19-4741-BE5A-56BEB808F451}.AppStore|Any CPU.ActiveCfg = AppStore|Any CPU
		{8D5F32F0-0F19-4741-BE5A-56BEB808F451}.AppStore|Any CPU.Deploy.0 = AppStore|Any CPU
		{8D5F32F0-0F19-4741-BE5A-56BEB808F451}.AppStore|ARM.ActiveCfg = AppStore|ARM
		{8D5F32F0-0F19-4741-BE5A-56BEB808F451}.AppStore|ARM.Deploy.0 = AppStore|ARM
		{8D5F32F0-0F19-4741-BE5A-56BEB808F451}.AppStore|iPhone.ActiveCfg = AppStore|Any CPU
		{8D5F32F0-0F19-4741-BE5A-56BEB808F451}.AppStore|iPhoneSimulator.ActiveCfg = AppStore|Any CPU
		{8D5F32F0-0F19-4741-BE5A-56BEB808F451}.AppStore|Mixed Platforms.ActiveCfg = AppStore|x86
		{8D5F32F0-0F19-4741-BE5A-56BEB808F451}.AppStore|Mixed Platforms.Build.0 = AppStore|x86
		{8D5F32F0-0F19-4741-BE5A-56BEB808F451}.AppStore|Mixed Platforms.Deploy.0 = AppStore|x86
		{8D5F32F0-0F19-4741-BE5A-56BEB808F451}.AppStore|x64.ActiveCfg = AppStore|Any CPU
		{8D5F32F0-0F19-4741-BE5A-56BEB808F451}.AppStore|x64.Build.0 = AppStore|Any CPU
		{8D5F32F0-0F19-4741-BE5A-56BEB808F451}.AppStore|x64.Deploy.0 = AppStore|Any CPU
		{8D5F32F0-0F19-4741-BE5A-56BEB808F451}.AppStore|x86.ActiveCfg = AppStore|x86
		{8D5F32F0-0F19-4741-BE5A-56BEB808F451}.AppStore|x86.Deploy.0 = AppStore|x86
		{8D5F32F0-0F19-4741-BE5A-56BEB808F451}.Debug|Any CPU.ActiveCfg = Debug|x86
		{8D5F32F0-0F19-4741-BE5A-56BEB808F451}.Debug|Any CPU.Build.0 = Debug|x86
		{8D5F32F0-0F19-4741-BE5A-56BEB808F451}.Debug|Any CPU.Deploy.0 = Debug|x86
		{8D5F32F0-0F19-4741-BE5A-56BEB808F451}.Debug|ARM.ActiveCfg = Debug|ARM
		{8D5F32F0-0F19-4741-BE5A-56BEB808F451}.Debug|ARM.Build.0 = Debug|ARM
		{8D5F32F0-0F19-4741-BE5A-56BEB808F451}.Debug|ARM.Deploy.0 = Debug|ARM
		{8D5F32F0-0F19-4741-BE5A-56BEB808F451}.Debug|iPhone.ActiveCfg = Debug|Any CPU
		{8D5F32F0-0F19-4741-BE5A-56BEB808F451}.Debug|iPhoneSimulator.ActiveCfg = Debug|Any CPU
		{8D5F32F0-0F19-4741-BE5A-56BEB808F451}.Debug|Mixed Platforms.ActiveCfg = Debug|x86
		{8D5F32F0-0F19-4741-BE5A-56BEB808F451}.Debug|Mixed Platforms.Build.0 = Debug|x86
		{8D5F32F0-0F19-4741-BE5A-56BEB808F451}.Debug|Mixed Platforms.Deploy.0 = Debug|x86
		{8D5F32F0-0F19-4741-BE5A-56BEB808F451}.Debug|x64.ActiveCfg = Debug|Any CPU
		{8D5F32F0-0F19-4741-BE5A-56BEB808F451}.Debug|x64.Build.0 = Debug|Any CPU
		{8D5F32F0-0F19-4741-BE5A-56BEB808F451}.Debug|x64.Deploy.0 = Debug|Any CPU
		{8D5F32F0-0F19-4741-BE5A-56BEB808F451}.Debug|x86.ActiveCfg = Debug|x86
		{8D5F32F0-0F19-4741-BE5A-56BEB808F451}.Debug|x86.Build.0 = Debug|x86
		{8D5F32F0-0F19-4741-BE5A-56BEB808F451}.Debug|x86.Deploy.0 = Debug|x86
		{8D5F32F0-0F19-4741-BE5A-56BEB808F451}.Release|Any CPU.ActiveCfg = Release|Any CPU
		{8D5F32F0-0F19-4741-BE5A-56BEB808F451}.Release|Any CPU.Build.0 = Release|Any CPU
		{8D5F32F0-0F19-4741-BE5A-56BEB808F451}.Release|Any CPU.Deploy.0 = Release|Any CPU
		{8D5F32F0-0F19-4741-BE5A-56BEB808F451}.Release|ARM.ActiveCfg = Release|ARM
		{8D5F32F0-0F19-4741-BE5A-56BEB808F451}.Release|ARM.Build.0 = Release|ARM
		{8D5F32F0-0F19-4741-BE5A-56BEB808F451}.Release|ARM.Deploy.0 = Release|ARM
		{8D5F32F0-0F19-4741-BE5A-56BEB808F451}.Release|iPhone.ActiveCfg = Release|Any CPU
		{8D5F32F0-0F19-4741-BE5A-56BEB808F451}.Release|iPhoneSimulator.ActiveCfg = Release|Any CPU
		{8D5F32F0-0F19-4741-BE5A-56BEB808F451}.Release|Mixed Platforms.ActiveCfg = Release|x86
		{8D5F32F0-0F19-4741-BE5A-56BEB808F451}.Release|Mixed Platforms.Build.0 = Release|x86
		{8D5F32F0-0F19-4741-BE5A-56BEB808F451}.Release|Mixed Platforms.Deploy.0 = Release|x86
		{8D5F32F0-0F19-4741-BE5A-56BEB808F451}.Release|x64.ActiveCfg = Release|Any CPU
		{8D5F32F0-0F19-4741-BE5A-56BEB808F451}.Release|x64.Build.0 = Release|Any CPU
		{8D5F32F0-0F19-4741-BE5A-56BEB808F451}.Release|x64.Deploy.0 = Release|Any CPU
		{8D5F32F0-0F19-4741-BE5A-56BEB808F451}.Release|x86.ActiveCfg = Release|x86
		{8D5F32F0-0F19-4741-BE5A-56BEB808F451}.Release|x86.Build.0 = Release|x86
		{8D5F32F0-0F19-4741-BE5A-56BEB808F451}.Release|x86.Deploy.0 = Release|x86
		{37C37C50-0739-4DCD-BCE4-E223E07C6E18}.AppStore|Any CPU.ActiveCfg = Release|Any CPU
		{37C37C50-0739-4DCD-BCE4-E223E07C6E18}.AppStore|Any CPU.Build.0 = Release|Any CPU
		{37C37C50-0739-4DCD-BCE4-E223E07C6E18}.AppStore|Any CPU.Deploy.0 = Release|Any CPU
		{37C37C50-0739-4DCD-BCE4-E223E07C6E18}.AppStore|ARM.ActiveCfg = Release|ARM
		{37C37C50-0739-4DCD-BCE4-E223E07C6E18}.AppStore|ARM.Build.0 = Release|ARM
		{37C37C50-0739-4DCD-BCE4-E223E07C6E18}.AppStore|ARM.Deploy.0 = Release|ARM
		{37C37C50-0739-4DCD-BCE4-E223E07C6E18}.AppStore|iPhone.ActiveCfg = Release|Any CPU
		{37C37C50-0739-4DCD-BCE4-E223E07C6E18}.AppStore|iPhone.Build.0 = Release|Any CPU
		{37C37C50-0739-4DCD-BCE4-E223E07C6E18}.AppStore|iPhone.Deploy.0 = Release|Any CPU
		{37C37C50-0739-4DCD-BCE4-E223E07C6E18}.AppStore|iPhoneSimulator.ActiveCfg = Release|Any CPU
		{37C37C50-0739-4DCD-BCE4-E223E07C6E18}.AppStore|iPhoneSimulator.Build.0 = Release|Any CPU
		{37C37C50-0739-4DCD-BCE4-E223E07C6E18}.AppStore|iPhoneSimulator.Deploy.0 = Release|Any CPU
		{37C37C50-0739-4DCD-BCE4-E223E07C6E18}.AppStore|Mixed Platforms.ActiveCfg = Release|x86
		{37C37C50-0739-4DCD-BCE4-E223E07C6E18}.AppStore|Mixed Platforms.Build.0 = Release|x86
		{37C37C50-0739-4DCD-BCE4-E223E07C6E18}.AppStore|Mixed Platforms.Deploy.0 = Release|x86
		{37C37C50-0739-4DCD-BCE4-E223E07C6E18}.AppStore|x64.ActiveCfg = Release|Any CPU
		{37C37C50-0739-4DCD-BCE4-E223E07C6E18}.AppStore|x64.Build.0 = Release|Any CPU
		{37C37C50-0739-4DCD-BCE4-E223E07C6E18}.AppStore|x64.Deploy.0 = Release|Any CPU
		{37C37C50-0739-4DCD-BCE4-E223E07C6E18}.AppStore|x86.ActiveCfg = Release|x86
		{37C37C50-0739-4DCD-BCE4-E223E07C6E18}.AppStore|x86.Build.0 = Release|x86
		{37C37C50-0739-4DCD-BCE4-E223E07C6E18}.AppStore|x86.Deploy.0 = Release|x86
		{37C37C50-0739-4DCD-BCE4-E223E07C6E18}.Debug|Any CPU.ActiveCfg = Debug|x86
		{37C37C50-0739-4DCD-BCE4-E223E07C6E18}.Debug|Any CPU.Build.0 = Debug|x86
		{37C37C50-0739-4DCD-BCE4-E223E07C6E18}.Debug|Any CPU.Deploy.0 = Debug|x86
		{37C37C50-0739-4DCD-BCE4-E223E07C6E18}.Debug|ARM.ActiveCfg = Debug|ARM
		{37C37C50-0739-4DCD-BCE4-E223E07C6E18}.Debug|ARM.Build.0 = Debug|ARM
		{37C37C50-0739-4DCD-BCE4-E223E07C6E18}.Debug|ARM.Deploy.0 = Debug|ARM
		{37C37C50-0739-4DCD-BCE4-E223E07C6E18}.Debug|iPhone.ActiveCfg = Debug|Any CPU
		{37C37C50-0739-4DCD-BCE4-E223E07C6E18}.Debug|iPhone.Build.0 = Debug|Any CPU
		{37C37C50-0739-4DCD-BCE4-E223E07C6E18}.Debug|iPhone.Deploy.0 = Debug|Any CPU
		{37C37C50-0739-4DCD-BCE4-E223E07C6E18}.Debug|iPhoneSimulator.ActiveCfg = Debug|Any CPU
		{37C37C50-0739-4DCD-BCE4-E223E07C6E18}.Debug|iPhoneSimulator.Build.0 = Debug|Any CPU
		{37C37C50-0739-4DCD-BCE4-E223E07C6E18}.Debug|iPhoneSimulator.Deploy.0 = Debug|Any CPU
		{37C37C50-0739-4DCD-BCE4-E223E07C6E18}.Debug|Mixed Platforms.ActiveCfg = Debug|x86
		{37C37C50-0739-4DCD-BCE4-E223E07C6E18}.Debug|Mixed Platforms.Build.0 = Debug|x86
		{37C37C50-0739-4DCD-BCE4-E223E07C6E18}.Debug|Mixed Platforms.Deploy.0 = Debug|x86
		{37C37C50-0739-4DCD-BCE4-E223E07C6E18}.Debug|x64.ActiveCfg = Debug|Any CPU
		{37C37C50-0739-4DCD-BCE4-E223E07C6E18}.Debug|x64.Build.0 = Debug|Any CPU
		{37C37C50-0739-4DCD-BCE4-E223E07C6E18}.Debug|x64.Deploy.0 = Debug|Any CPU
		{37C37C50-0739-4DCD-BCE4-E223E07C6E18}.Debug|x86.ActiveCfg = Debug|x86
		{37C37C50-0739-4DCD-BCE4-E223E07C6E18}.Debug|x86.Build.0 = Debug|x86
		{37C37C50-0739-4DCD-BCE4-E223E07C6E18}.Debug|x86.Deploy.0 = Debug|x86
		{37C37C50-0739-4DCD-BCE4-E223E07C6E18}.Release|Any CPU.ActiveCfg = Release|Any CPU
		{37C37C50-0739-4DCD-BCE4-E223E07C6E18}.Release|Any CPU.Build.0 = Release|Any CPU
		{37C37C50-0739-4DCD-BCE4-E223E07C6E18}.Release|Any CPU.Deploy.0 = Release|Any CPU
		{37C37C50-0739-4DCD-BCE4-E223E07C6E18}.Release|ARM.ActiveCfg = Release|ARM
		{37C37C50-0739-4DCD-BCE4-E223E07C6E18}.Release|ARM.Build.0 = Release|ARM
		{37C37C50-0739-4DCD-BCE4-E223E07C6E18}.Release|ARM.Deploy.0 = Release|ARM
		{37C37C50-0739-4DCD-BCE4-E223E07C6E18}.Release|iPhone.ActiveCfg = Release|Any CPU
		{37C37C50-0739-4DCD-BCE4-E223E07C6E18}.Release|iPhone.Build.0 = Release|Any CPU
		{37C37C50-0739-4DCD-BCE4-E223E07C6E18}.Release|iPhone.Deploy.0 = Release|Any CPU
		{37C37C50-0739-4DCD-BCE4-E223E07C6E18}.Release|iPhoneSimulator.ActiveCfg = Release|Any CPU
		{37C37C50-0739-4DCD-BCE4-E223E07C6E18}.Release|iPhoneSimulator.Build.0 = Release|Any CPU
		{37C37C50-0739-4DCD-BCE4-E223E07C6E18}.Release|iPhoneSimulator.Deploy.0 = Release|Any CPU
		{37C37C50-0739-4DCD-BCE4-E223E07C6E18}.Release|Mixed Platforms.ActiveCfg = Release|x86
		{37C37C50-0739-4DCD-BCE4-E223E07C6E18}.Release|Mixed Platforms.Build.0 = Release|x86
		{37C37C50-0739-4DCD-BCE4-E223E07C6E18}.Release|Mixed Platforms.Deploy.0 = Release|x86
		{37C37C50-0739-4DCD-BCE4-E223E07C6E18}.Release|x64.ActiveCfg = Release|Any CPU
		{37C37C50-0739-4DCD-BCE4-E223E07C6E18}.Release|x64.Build.0 = Release|Any CPU
		{37C37C50-0739-4DCD-BCE4-E223E07C6E18}.Release|x64.Deploy.0 = Release|Any CPU
		{37C37C50-0739-4DCD-BCE4-E223E07C6E18}.Release|x86.ActiveCfg = Release|x86
		{37C37C50-0739-4DCD-BCE4-E223E07C6E18}.Release|x86.Build.0 = Release|x86
		{37C37C50-0739-4DCD-BCE4-E223E07C6E18}.Release|x86.Deploy.0 = Release|x86
		{B84F49DB-F336-4785-9392-4141890E98B4}.AppStore|Any CPU.ActiveCfg = Release|Any CPU
		{B84F49DB-F336-4785-9392-4141890E98B4}.AppStore|Any CPU.Build.0 = Release|Any CPU
		{B84F49DB-F336-4785-9392-4141890E98B4}.AppStore|Any CPU.Deploy.0 = Release|Any CPU
		{B84F49DB-F336-4785-9392-4141890E98B4}.AppStore|ARM.ActiveCfg = Release|ARM
		{B84F49DB-F336-4785-9392-4141890E98B4}.AppStore|ARM.Build.0 = Release|ARM
		{B84F49DB-F336-4785-9392-4141890E98B4}.AppStore|ARM.Deploy.0 = Release|ARM
		{B84F49DB-F336-4785-9392-4141890E98B4}.AppStore|iPhone.ActiveCfg = Release|Any CPU
		{B84F49DB-F336-4785-9392-4141890E98B4}.AppStore|iPhone.Build.0 = Release|Any CPU
		{B84F49DB-F336-4785-9392-4141890E98B4}.AppStore|iPhone.Deploy.0 = Release|Any CPU
		{B84F49DB-F336-4785-9392-4141890E98B4}.AppStore|iPhoneSimulator.ActiveCfg = Release|Any CPU
		{B84F49DB-F336-4785-9392-4141890E98B4}.AppStore|iPhoneSimulator.Build.0 = Release|Any CPU
		{B84F49DB-F336-4785-9392-4141890E98B4}.AppStore|iPhoneSimulator.Deploy.0 = Release|Any CPU
		{B84F49DB-F336-4785-9392-4141890E98B4}.AppStore|Mixed Platforms.ActiveCfg = Release|x86
		{B84F49DB-F336-4785-9392-4141890E98B4}.AppStore|Mixed Platforms.Build.0 = Release|x86
		{B84F49DB-F336-4785-9392-4141890E98B4}.AppStore|Mixed Platforms.Deploy.0 = Release|x86
		{B84F49DB-F336-4785-9392-4141890E98B4}.AppStore|x64.ActiveCfg = Release|x64
		{B84F49DB-F336-4785-9392-4141890E98B4}.AppStore|x64.Build.0 = Release|x64
		{B84F49DB-F336-4785-9392-4141890E98B4}.AppStore|x64.Deploy.0 = Release|x64
		{B84F49DB-F336-4785-9392-4141890E98B4}.AppStore|x86.ActiveCfg = Release|x86
		{B84F49DB-F336-4785-9392-4141890E98B4}.AppStore|x86.Build.0 = Release|x86
		{B84F49DB-F336-4785-9392-4141890E98B4}.AppStore|x86.Deploy.0 = Release|x86
		{B84F49DB-F336-4785-9392-4141890E98B4}.Debug|Any CPU.ActiveCfg = Debug|x86
		{B84F49DB-F336-4785-9392-4141890E98B4}.Debug|Any CPU.Build.0 = Debug|x86
		{B84F49DB-F336-4785-9392-4141890E98B4}.Debug|Any CPU.Deploy.0 = Debug|x86
		{B84F49DB-F336-4785-9392-4141890E98B4}.Debug|ARM.ActiveCfg = Debug|ARM
		{B84F49DB-F336-4785-9392-4141890E98B4}.Debug|ARM.Build.0 = Debug|ARM
		{B84F49DB-F336-4785-9392-4141890E98B4}.Debug|ARM.Deploy.0 = Debug|ARM
		{B84F49DB-F336-4785-9392-4141890E98B4}.Debug|iPhone.ActiveCfg = Debug|Any CPU
		{B84F49DB-F336-4785-9392-4141890E98B4}.Debug|iPhone.Build.0 = Debug|Any CPU
		{B84F49DB-F336-4785-9392-4141890E98B4}.Debug|iPhone.Deploy.0 = Debug|Any CPU
		{B84F49DB-F336-4785-9392-4141890E98B4}.Debug|iPhoneSimulator.ActiveCfg = Debug|Any CPU
		{B84F49DB-F336-4785-9392-4141890E98B4}.Debug|iPhoneSimulator.Build.0 = Debug|Any CPU
		{B84F49DB-F336-4785-9392-4141890E98B4}.Debug|iPhoneSimulator.Deploy.0 = Debug|Any CPU
		{B84F49DB-F336-4785-9392-4141890E98B4}.Debug|Mixed Platforms.ActiveCfg = Debug|x86
		{B84F49DB-F336-4785-9392-4141890E98B4}.Debug|Mixed Platforms.Build.0 = Debug|x86
		{B84F49DB-F336-4785-9392-4141890E98B4}.Debug|Mixed Platforms.Deploy.0 = Debug|x86
		{B84F49DB-F336-4785-9392-4141890E98B4}.Debug|x64.ActiveCfg = Debug|x64
		{B84F49DB-F336-4785-9392-4141890E98B4}.Debug|x64.Build.0 = Debug|x64
		{B84F49DB-F336-4785-9392-4141890E98B4}.Debug|x64.Deploy.0 = Debug|x64
		{B84F49DB-F336-4785-9392-4141890E98B4}.Debug|x86.ActiveCfg = Debug|x86
		{B84F49DB-F336-4785-9392-4141890E98B4}.Debug|x86.Build.0 = Debug|x86
		{B84F49DB-F336-4785-9392-4141890E98B4}.Debug|x86.Deploy.0 = Debug|x86
		{B84F49DB-F336-4785-9392-4141890E98B4}.Release|Any CPU.ActiveCfg = Release|Any CPU
		{B84F49DB-F336-4785-9392-4141890E98B4}.Release|Any CPU.Build.0 = Release|Any CPU
		{B84F49DB-F336-4785-9392-4141890E98B4}.Release|Any CPU.Deploy.0 = Release|Any CPU
		{B84F49DB-F336-4785-9392-4141890E98B4}.Release|ARM.ActiveCfg = Release|ARM
		{B84F49DB-F336-4785-9392-4141890E98B4}.Release|ARM.Build.0 = Release|ARM
		{B84F49DB-F336-4785-9392-4141890E98B4}.Release|ARM.Deploy.0 = Release|ARM
		{B84F49DB-F336-4785-9392-4141890E98B4}.Release|iPhone.ActiveCfg = Release|Any CPU
		{B84F49DB-F336-4785-9392-4141890E98B4}.Release|iPhone.Build.0 = Release|Any CPU
		{B84F49DB-F336-4785-9392-4141890E98B4}.Release|iPhone.Deploy.0 = Release|Any CPU
		{B84F49DB-F336-4785-9392-4141890E98B4}.Release|iPhoneSimulator.ActiveCfg = Release|Any CPU
		{B84F49DB-F336-4785-9392-4141890E98B4}.Release|iPhoneSimulator.Build.0 = Release|Any CPU
		{B84F49DB-F336-4785-9392-4141890E98B4}.Release|iPhoneSimulator.Deploy.0 = Release|Any CPU
		{B84F49DB-F336-4785-9392-4141890E98B4}.Release|Mixed Platforms.ActiveCfg = Release|x86
		{B84F49DB-F336-4785-9392-4141890E98B4}.Release|Mixed Platforms.Build.0 = Release|x86
		{B84F49DB-F336-4785-9392-4141890E98B4}.Release|Mixed Platforms.Deploy.0 = Release|x86
		{B84F49DB-F336-4785-9392-4141890E98B4}.Release|x64.ActiveCfg = Release|x64
		{B84F49DB-F336-4785-9392-4141890E98B4}.Release|x64.Build.0 = Release|x64
		{B84F49DB-F336-4785-9392-4141890E98B4}.Release|x64.Deploy.0 = Release|x64
		{B84F49DB-F336-4785-9392-4141890E98B4}.Release|x86.ActiveCfg = Release|x86
		{B84F49DB-F336-4785-9392-4141890E98B4}.Release|x86.Build.0 = Release|x86
		{B84F49DB-F336-4785-9392-4141890E98B4}.Release|x86.Deploy.0 = Release|x86
	EndGlobalSection
	GlobalSection(SolutionProperties) = preSolution
		HideSolutionNode = FALSE
	EndGlobalSection
	GlobalSection(NestedProjects) = preSolution
		{1866AD0C-DECC-463F-8FE0-13225A1B0017} = {8F2F4467-370C-4E15-ACCF-5EDC208E42D1}
		{064D452F-4426-4ACD-A7C7-AE413CD124AA} = {8F2F4467-370C-4E15-ACCF-5EDC208E42D1}
		{FD84335B-D43E-42A1-BDBB-4B7728D8078E} = {8F2F4467-370C-4E15-ACCF-5EDC208E42D1}
	EndGlobalSection
EndGlobal
